# This file was autogenerated by Stack.
# You should not edit this file by hand.
# For more information, please see the documentation at:
#   https://docs.haskellstack.org/en/stable/lock_files

packages:
- completed:
    hackage: opencascade-hs-0.4.0.0@sha256:bfba82572598235371d1944a48589239deb5eb8ad2443dd6f9102fa2fdbc5873,13764
    pantry-tree:
      sha256: 3f5dea631fb7d467b466ec3fdf70f0d77fa93f58bf844f453f956638a9f5c123
      size: 25229
  original:
    hackage: opencascade-hs-0.4.0.0
- completed:
    hackage: waterfall-cad-0.4.0.0@sha256:219d574ca9e426335715737e84b9300aee5efc8f43e7d5f3a9cf7b0ad996986d,2301
    pantry-tree:
      sha256: fc7575d21dba503bb857a60bcbe6b13037a7ce59b47346b99551cb15ae9ef904
      size: 2170
  original:
    hackage: waterfall-cad-0.4.0.0
snapshots:
- completed:
    sha256: 08bd13ce621b41a8f5e51456b38d5b46d7783ce114a50ab604d6bbab0d002146
    size: 720271
    url: https://raw.githubusercontent.com/commercialhaskell/stackage-snapshots/master/lts/22/43.yaml
  original:
    url: https://raw.githubusercontent.com/commercialhaskell/stackage-snapshots/master/lts/22/43.yaml
